
Microsoft Visual Studio Solution File, Format Version 12.00
# Visual Studio Version 17
VisualStudioVersion = 17.5.33516.290
MinimumVisualStudioVersion = 10.0.40219.1
Project("{9A19103F-16F7-4668-BE54-9A1E7A4F7556}") = "Centralizador2023", "Centralizador2023\Centralizador2023.csproj", "{78C9C8EC-B6C5-4F13-997D-4641297403C0}"
EndProject
Project("{FAE04EC0-301F-11D3-BF4B-00C04F79EFBC}") = "Campus", "Campus\Campus.csproj", "{88A3FD1B-F02C-4C70-871C-E70026541E2A}"
EndProject
Global
	GlobalSection(SolutionConfigurationPlatforms) = preSolution
		Debug|Any CPU = Debug|Any CPU
		Release|Any CPU = Release|Any CPU
	EndGlobalSection
	GlobalSection(ProjectConfigurationPlatforms) = postSolution
		{78C9C8EC-B6C5-4F13-997D-4641297403C0}.Debug|Any CPU.ActiveCfg = Debug|Any CPU
		{78C9C8EC-B6C5-4F13-997D-4641297403C0}.Debug|Any CPU.Build.0 = Debug|Any CPU
		{78C9C8EC-B6C5-4F13-997D-4641297403C0}.Release|Any CPU.ActiveCfg = Release|Any CPU
		{78C9C8EC-B6C5-4F13-997D-4641297403C0}.Release|Any CPU.Build.0 = Release|Any CPU
		{88A3FD1B-F02C-4C70-871C-E70026541E2A}.Debug|Any CPU.ActiveCfg = Debug|Any CPU
		{88A3FD1B-F02C-4C70-871C-E70026541E2A}.Debug|Any CPU.Build.0 = Debug|Any CPU
		{88A3FD1B-F02C-4C70-871C-E70026541E2A}.Release|Any CPU.ActiveCfg = Release|Any CPU
		{88A3FD1B-F02C-4C70-871C-E70026541E2A}.Release|Any CPU.Build.0 = Release|Any CPU
	EndGlobalSection
	GlobalSection(SolutionProperties) = preSolution
		HideSolutionNode = FALSE
	EndGlobalSection
	GlobalSection(ExtensibilityGlobals) = postSolution
		SolutionGuid = {EE343ED0-95BB-43C4-847A-B0FA8396B5E0}
	EndGlobalSection
EndGlobal
